<?xml version="1.0" encoding="utf-8"?>
<Project ToolsVersion="14.0" xmlns="http://schemas.microsoft.com/developer/msbuild/2003">
  <ItemGroup>
    <CustomBuild Include="C:\Users\jimmi\Desktop\SSP_greenhouse\build\CMakeFiles\3a641ee291a04b6b03d702013f9d5fcf\INSTALL_force.rule">
      <Filter>CMake Rules</Filter>
    </CustomBuild>
  </ItemGroup>
  <ItemGroup>
    <Filter Include="CMake Rules">
      <UniqueIdentifier>{303D2482-C5C5-3D08-BF8B-2EF298251664}</UniqueIdentifier>
    </Filter>
  </ItemGroup>
</Project>
