Microsoft Visual Studio Solution File, Format Version 12.00
# Visual Studio 14
Project("{2150E333-8FDC-42A3-9474-1A3956D46DE8}") = "CMake", "CMake", "{95C9A1CA-C951-3D55-980A-A5F2DC11D912}"
EndProject
Project("{2150E333-8FDC-42A3-9474-1A3956D46DE8}") = "SFML", "SFML", "{FAF1AF77-7BE5-3396-8302-8BC41D76E538}"
EndProject
Project("{8BC9CEB8-8B4A-11D0-8D11-00A0C91BC942}") = "ALL_BUILD", "ALL_BUILD.vcxproj", "{FBF21BCE-0C17-3624-9AE8-E1E56050218A}"
	ProjectSection(ProjectDependencies) = postProject
		{F8C2F964-AB67-3149-89E0-8E0E6D1F5BBE} = {F8C2F964-AB67-3149-89E0-8E0E6D1F5BBE}
		{EA06684C-C489-3BBB-952F-CC213BE1084B} = {EA06684C-C489-3BBB-952F-CC213BE1084B}
		{EEC8F0AF-34FB-3D8D-B9CB-B72F3968F4AC} = {EEC8F0AF-34FB-3D8D-B9CB-B72F3968F4AC}
		{AC061675-5954-3A85-AC23-F93E613541EA} = {AC061675-5954-3A85-AC23-F93E613541EA}
		{D833F1B3-C2B1-390E-9891-221CE7455575} = {D833F1B3-C2B1-390E-9891-221CE7455575}
		{CCFC0BF6-3DD0-3F1F-AC7F-70060471E602} = {CCFC0BF6-3DD0-3F1F-AC7F-70060471E602}
		{86CBB3DC-8F01-3240-B09C-77F3BBD55433} = {86CBB3DC-8F01-3240-B09C-77F3BBD55433}
	EndProjectSection
EndProject
Project("{8BC9CEB8-8B4A-11D0-8D11-00A0C91BC942}") = "INSTALL", "INSTALL.vcxproj", "{2F8EC97B-7689-3BAD-8C25-E30D62DABAFE}"
	ProjectSection(ProjectDependencies) = postProject
		{FBF21BCE-0C17-3624-9AE8-E1E56050218A} = {FBF21BCE-0C17-3624-9AE8-E1E56050218A}
		{F8C2F964-AB67-3149-89E0-8E0E6D1F5BBE} = {F8C2F964-AB67-3149-89E0-8E0E6D1F5BBE}
	EndProjectSection
EndProject
Project("{8BC9CEB8-8B4A-11D0-8D11-00A0C91BC942}") = "ZERO_CHECK", "..\..\\ZERO_CHECK.vcxproj", "{F8C2F964-AB67-3149-89E0-8E0E6D1F5BBE}"
	ProjectSection(ProjectDependencies) = postProject
	EndProjectSection
EndProject
Project("{8BC9CEB8-8B4A-11D0-8D11-00A0C91BC942}") = "sfml-audio", "src\SFML\Audio\sfml-audio.vcxproj", "{EA06684C-C489-3BBB-952F-CC213BE1084B}"
	ProjectSection(ProjectDependencies) = postProject
		{F8C2F964-AB67-3149-89E0-8E0E6D1F5BBE} = {F8C2F964-AB67-3149-89E0-8E0E6D1F5BBE}
		{CCFC0BF6-3DD0-3F1F-AC7F-70060471E602} = {CCFC0BF6-3DD0-3F1F-AC7F-70060471E602}
	EndProjectSection
EndProject
Project("{8BC9CEB8-8B4A-11D0-8D11-00A0C91BC942}") = "sfml-graphics", "src\SFML\Graphics\sfml-graphics.vcxproj", "{EEC8F0AF-34FB-3D8D-B9CB-B72F3968F4AC}"
	ProjectSection(ProjectDependencies) = postProject
		{F8C2F964-AB67-3149-89E0-8E0E6D1F5BBE} = {F8C2F964-AB67-3149-89E0-8E0E6D1F5BBE}
		{CCFC0BF6-3DD0-3F1F-AC7F-70060471E602} = {CCFC0BF6-3DD0-3F1F-AC7F-70060471E602}
		{86CBB3DC-8F01-3240-B09C-77F3BBD55433} = {86CBB3DC-8F01-3240-B09C-77F3BBD55433}
	EndProjectSection
EndProject
Project("{8BC9CEB8-8B4A-11D0-8D11-00A0C91BC942}") = "sfml-main", "src\SFML\Main\sfml-main.vcxproj", "{AC061675-5954-3A85-AC23-F93E613541EA}"
	ProjectSection(ProjectDependencies) = postProject
		{F8C2F964-AB67-3149-89E0-8E0E6D1F5BBE} = {F8C2F964-AB67-3149-89E0-8E0E6D1F5BBE}
	EndProjectSection
EndProject
Project("{8BC9CEB8-8B4A-11D0-8D11-00A0C91BC942}") = "sfml-network", "src\SFML\Network\sfml-network.vcxproj", "{D833F1B3-C2B1-390E-9891-221CE7455575}"
	ProjectSection(ProjectDependencies) = postProject
		{F8C2F964-AB67-3149-89E0-8E0E6D1F5BBE} = {F8C2F964-AB67-3149-89E0-8E0E6D1F5BBE}
		{CCFC0BF6-3DD0-3F1F-AC7F-70060471E602} = {CCFC0BF6-3DD0-3F1F-AC7F-70060471E602}
	EndProjectSection
EndProject
Project("{8BC9CEB8-8B4A-11D0-8D11-00A0C91BC942}") = "sfml-system", "src\SFML\System\sfml-system.vcxproj", "{CCFC0BF6-3DD0-3F1F-AC7F-70060471E602}"
	ProjectSection(ProjectDependencies) = postProject
		{F8C2F964-AB67-3149-89E0-8E0E6D1F5BBE} = {F8C2F964-AB67-3149-89E0-8E0E6D1F5BBE}
	EndProjectSection
EndProject
Project("{8BC9CEB8-8B4A-11D0-8D11-00A0C91BC942}") = "sfml-window", "src\SFML\Window\sfml-window.vcxproj", "{86CBB3DC-8F01-3240-B09C-77F3BBD55433}"
	ProjectSection(ProjectDependencies) = postProject
		{F8C2F964-AB67-3149-89E0-8E0E6D1F5BBE} = {F8C2F964-AB67-3149-89E0-8E0E6D1F5BBE}
		{CCFC0BF6-3DD0-3F1F-AC7F-70060471E602} = {CCFC0BF6-3DD0-3F1F-AC7F-70060471E602}
	EndProjectSection
EndProject
Global
	GlobalSection(SolutionConfigurationPlatforms) = preSolution
		Debug|x64 = Debug|x64
		Release|x64 = Release|x64
		MinSizeRel|x64 = MinSizeRel|x64
		RelWithDebInfo|x64 = RelWithDebInfo|x64
	EndGlobalSection
	GlobalSection(ProjectConfigurationPlatforms) = postSolution
		{FBF21BCE-0C17-3624-9AE8-E1E56050218A}.Debug|x64.ActiveCfg = Debug|x64
		{FBF21BCE-0C17-3624-9AE8-E1E56050218A}.Debug|x64.Build.0 = Debug|x64
		{FBF21BCE-0C17-3624-9AE8-E1E56050218A}.Release|x64.ActiveCfg = Release|x64
		{FBF21BCE-0C17-3624-9AE8-E1E56050218A}.Release|x64.Build.0 = Release|x64
		{FBF21BCE-0C17-3624-9AE8-E1E56050218A}.MinSizeRel|x64.ActiveCfg = MinSizeRel|x64
		{FBF21BCE-0C17-3624-9AE8-E1E56050218A}.MinSizeRel|x64.Build.0 = MinSizeRel|x64
		{FBF21BCE-0C17-3624-9AE8-E1E56050218A}.RelWithDebInfo|x64.ActiveCfg = RelWithDebInfo|x64
		{FBF21BCE-0C17-3624-9AE8-E1E56050218A}.RelWithDebInfo|x64.Build.0 = RelWithDebInfo|x64
		{2F8EC97B-7689-3BAD-8C25-E30D62DABAFE}.Debug|x64.ActiveCfg = Debug|x64
		{2F8EC97B-7689-3BAD-8C25-E30D62DABAFE}.Release|x64.ActiveCfg = Release|x64
		{2F8EC97B-7689-3BAD-8C25-E30D62DABAFE}.MinSizeRel|x64.ActiveCfg = MinSizeRel|x64
		{2F8EC97B-7689-3BAD-8C25-E30D62DABAFE}.RelWithDebInfo|x64.ActiveCfg = RelWithDebInfo|x64
		{F8C2F964-AB67-3149-89E0-8E0E6D1F5BBE}.Debug|x64.ActiveCfg = Debug|x64
		{F8C2F964-AB67-3149-89E0-8E0E6D1F5BBE}.Debug|x64.Build.0 = Debug|x64
		{F8C2F964-AB67-3149-89E0-8E0E6D1F5BBE}.Release|x64.ActiveCfg = Release|x64
		{F8C2F964-AB67-3149-89E0-8E0E6D1F5BBE}.Release|x64.Build.0 = Release|x64
		{F8C2F964-AB67-3149-89E0-8E0E6D1F5BBE}.MinSizeRel|x64.ActiveCfg = MinSizeRel|x64
		{F8C2F964-AB67-3149-89E0-8E0E6D1F5BBE}.MinSizeRel|x64.Build.0 = MinSizeRel|x64
		{F8C2F964-AB67-3149-89E0-8E0E6D1F5BBE}.RelWithDebInfo|x64.ActiveCfg = RelWithDebInfo|x64
		{F8C2F964-AB67-3149-89E0-8E0E6D1F5BBE}.RelWithDebInfo|x64.Build.0 = RelWithDebInfo|x64
		{EA06684C-C489-3BBB-952F-CC213BE1084B}.Debug|x64.ActiveCfg = Debug|x64
		{EA06684C-C489-3BBB-952F-CC213BE1084B}.Debug|x64.Build.0 = Debug|x64
		{EA06684C-C489-3BBB-952F-CC213BE1084B}.Release|x64.ActiveCfg = Release|x64
		{EA06684C-C489-3BBB-952F-CC213BE1084B}.Release|x64.Build.0 = Release|x64
		{EA06684C-C489-3BBB-952F-CC213BE1084B}.MinSizeRel|x64.ActiveCfg = MinSizeRel|x64
		{EA06684C-C489-3BBB-952F-CC213BE1084B}.MinSizeRel|x64.Build.0 = MinSizeRel|x64
		{EA06684C-C489-3BBB-952F-CC213BE1084B}.RelWithDebInfo|x64.ActiveCfg = RelWithDebInfo|x64
		{EA06684C-C489-3BBB-952F-CC213BE1084B}.RelWithDebInfo|x64.Build.0 = RelWithDebInfo|x64
		{EEC8F0AF-34FB-3D8D-B9CB-B72F3968F4AC}.Debug|x64.ActiveCfg = Debug|x64
		{EEC8F0AF-34FB-3D8D-B9CB-B72F3968F4AC}.Debug|x64.Build.0 = Debug|x64
		{EEC8F0AF-34FB-3D8D-B9CB-B72F3968F4AC}.Release|x64.ActiveCfg = Release|x64
		{EEC8F0AF-34FB-3D8D-B9CB-B72F3968F4AC}.Release|x64.Build.0 = Release|x64
		{EEC8F0AF-34FB-3D8D-B9CB-B72F3968F4AC}.MinSizeRel|x64.ActiveCfg = MinSizeRel|x64
		{EEC8F0AF-34FB-3D8D-B9CB-B72F3968F4AC}.MinSizeRel|x64.Build.0 = MinSizeRel|x64
		{EEC8F0AF-34FB-3D8D-B9CB-B72F3968F4AC}.RelWithDebInfo|x64.ActiveCfg = RelWithDebInfo|x64
		{EEC8F0AF-34FB-3D8D-B9CB-B72F3968F4AC}.RelWithDebInfo|x64.Build.0 = RelWithDebInfo|x64
		{AC061675-5954-3A85-AC23-F93E613541EA}.Debug|x64.ActiveCfg = Debug|x64
		{AC061675-5954-3A85-AC23-F93E613541EA}.Debug|x64.Build.0 = Debug|x64
		{AC061675-5954-3A85-AC23-F93E613541EA}.Release|x64.ActiveCfg = Release|x64
		{AC061675-5954-3A85-AC23-F93E613541EA}.Release|x64.Build.0 = Release|x64
		{AC061675-5954-3A85-AC23-F93E613541EA}.MinSizeRel|x64.ActiveCfg = MinSizeRel|x64
		{AC061675-5954-3A85-AC23-F93E613541EA}.MinSizeRel|x64.Build.0 = MinSizeRel|x64
		{AC061675-5954-3A85-AC23-F93E613541EA}.RelWithDebInfo|x64.ActiveCfg = RelWithDebInfo|x64
		{AC061675-5954-3A85-AC23-F93E613541EA}.RelWithDebInfo|x64.Build.0 = RelWithDebInfo|x64
		{D833F1B3-C2B1-390E-9891-221CE7455575}.Debug|x64.ActiveCfg = Debug|x64
		{D833F1B3-C2B1-390E-9891-221CE7455575}.Debug|x64.Build.0 = Debug|x64
		{D833F1B3-C2B1-390E-9891-221CE7455575}.Release|x64.ActiveCfg = Release|x64
		{D833F1B3-C2B1-390E-9891-221CE7455575}.Release|x64.Build.0 = Release|x64
		{D833F1B3-C2B1-390E-9891-221CE7455575}.MinSizeRel|x64.ActiveCfg = MinSizeRel|x64
		{D833F1B3-C2B1-390E-9891-221CE7455575}.MinSizeRel|x64.Build.0 = MinSizeRel|x64
		{D833F1B3-C2B1-390E-9891-221CE7455575}.RelWithDebInfo|x64.ActiveCfg = RelWithDebInfo|x64
		{D833F1B3-C2B1-390E-9891-221CE7455575}.RelWithDebInfo|x64.Build.0 = RelWithDebInfo|x64
		{CCFC0BF6-3DD0-3F1F-AC7F-70060471E602}.Debug|x64.ActiveCfg = Debug|x64
		{CCFC0BF6-3DD0-3F1F-AC7F-70060471E602}.Debug|x64.Build.0 = Debug|x64
		{CCFC0BF6-3DD0-3F1F-AC7F-70060471E602}.Release|x64.ActiveCfg = Release|x64
		{CCFC0BF6-3DD0-3F1F-AC7F-70060471E602}.Release|x64.Build.0 = Release|x64
		{CCFC0BF6-3DD0-3F1F-AC7F-70060471E602}.MinSizeRel|x64.ActiveCfg = MinSizeRel|x64
		{CCFC0BF6-3DD0-3F1F-AC7F-70060471E602}.MinSizeRel|x64.Build.0 = MinSizeRel|x64
		{CCFC0BF6-3DD0-3F1F-AC7F-70060471E602}.RelWithDebInfo|x64.ActiveCfg = RelWithDebInfo|x64
		{CCFC0BF6-3DD0-3F1F-AC7F-70060471E602}.RelWithDebInfo|x64.Build.0 = RelWithDebInfo|x64
		{86CBB3DC-8F01-3240-B09C-77F3BBD55433}.Debug|x64.ActiveCfg = Debug|x64
		{86CBB3DC-8F01-3240-B09C-77F3BBD55433}.Debug|x64.Build.0 = Debug|x64
		{86CBB3DC-8F01-3240-B09C-77F3BBD55433}.Release|x64.ActiveCfg = Release|x64
		{86CBB3DC-8F01-3240-B09C-77F3BBD55433}.Release|x64.Build.0 = Release|x64
		{86CBB3DC-8F01-3240-B09C-77F3BBD55433}.MinSizeRel|x64.ActiveCfg = MinSizeRel|x64
		{86CBB3DC-8F01-3240-B09C-77F3BBD55433}.MinSizeRel|x64.Build.0 = MinSizeRel|x64
		{86CBB3DC-8F01-3240-B09C-77F3BBD55433}.RelWithDebInfo|x64.ActiveCfg = RelWithDebInfo|x64
		{86CBB3DC-8F01-3240-B09C-77F3BBD55433}.RelWithDebInfo|x64.Build.0 = RelWithDebInfo|x64
	EndGlobalSection
	GlobalSection(NestedProjects) = preSolution
		{FBF21BCE-0C17-3624-9AE8-E1E56050218A} = {95C9A1CA-C951-3D55-980A-A5F2DC11D912}
		{2F8EC97B-7689-3BAD-8C25-E30D62DABAFE} = {95C9A1CA-C951-3D55-980A-A5F2DC11D912}
		{F8C2F964-AB67-3149-89E0-8E0E6D1F5BBE} = {95C9A1CA-C951-3D55-980A-A5F2DC11D912}
		{EA06684C-C489-3BBB-952F-CC213BE1084B} = {FAF1AF77-7BE5-3396-8302-8BC41D76E538}
		{EEC8F0AF-34FB-3D8D-B9CB-B72F3968F4AC} = {FAF1AF77-7BE5-3396-8302-8BC41D76E538}
		{AC061675-5954-3A85-AC23-F93E613541EA} = {FAF1AF77-7BE5-3396-8302-8BC41D76E538}
		{D833F1B3-C2B1-390E-9891-221CE7455575} = {FAF1AF77-7BE5-3396-8302-8BC41D76E538}
		{CCFC0BF6-3DD0-3F1F-AC7F-70060471E602} = {FAF1AF77-7BE5-3396-8302-8BC41D76E538}
		{86CBB3DC-8F01-3240-B09C-77F3BBD55433} = {FAF1AF77-7BE5-3396-8302-8BC41D76E538}
	EndGlobalSection
	GlobalSection(ExtensibilityGlobals) = postSolution
		SolutionGuid = {1B221ABA-3EF1-3E97-90F8-0FFF7D534B0F}
	EndGlobalSection
	GlobalSection(ExtensibilityAddIns) = postSolution
	EndGlobalSection
EndGlobal
